
Microsoft Visual Studio Solution File, Format Version 12.00
# Visual Studio 2012
Project("{FAE04EC0-301F-11D3-BF4B-00C04F79EFBC}") = "DelegatesDemo", "DelegatesDemo\DelegatesDemo.csproj", "{B49C5BAE-12C0-4AAA-B677-07FD65566B02}"
EndProject
Global
	GlobalSection(SolutionConfigurationPlatforms) = preSolution
		Debug|Any CPU = Debug|Any CPU
		Release|Any CPU = Release|Any CPU
	EndGlobalSection
	GlobalSection(ProjectConfigurationPlatforms) = postSolution
		{B49C5BAE-12C0-4AAA-B677-07FD65566B02}.Debug|Any CPU.ActiveCfg = Debug|Any CPU
		{B49C5BAE-12C0-4AAA-B677-07FD65566B02}.Debug|Any CPU.Build.0 = Debug|Any CPU
		{B49C5BAE-12C0-4AAA-B677-07FD65566B02}.Release|Any CPU.ActiveCfg = Release|Any CPU
		{B49C5BAE-12C0-4AAA-B677-07FD65566B02}.Release|Any CPU.Build.0 = Release|Any CPU
	EndGlobalSection
	GlobalSection(SolutionProperties) = preSolution
		HideSolutionNode = FALSE
	EndGlobalSection
EndGlobal
