
Microsoft Visual Studio Solution File, Format Version 12.00
# Visual Studio 2012
Project("{FAE04EC0-301F-11D3-BF4B-00C04F79EFBC}") = "Exercise 1", "Exercise\Exercise 1.csproj", "{AEF59ADD-AED7-4304-A7A0-E983AD56B011}"
EndProject
Project("{FAE04EC0-301F-11D3-BF4B-00C04F79EFBC}") = "Exercise 3", "Exercise 3\Exercise 3.csproj", "{BCE27681-5AD5-4420-A749-AA0A3E78B876}"
EndProject
Project("{FAE04EC0-301F-11D3-BF4B-00C04F79EFBC}") = "Exercise 4", "Exercise 4\Exercise 4.csproj", "{6C420170-BB5B-4841-B7D8-1C525DDC8716}"
EndProject
Project("{FAE04EC0-301F-11D3-BF4B-00C04F79EFBC}") = "Exercise 4.Tests", "Exercise 4.Tests\Exercise 4.Tests.csproj", "{E8954BCA-7214-448A-9B15-1B9DDBD48C2D}"
EndProject
Project("{FAE04EC0-301F-11D3-BF4B-00C04F79EFBC}") = "Exercise 5", "Exercise5\Exercise 5.csproj", "{E8070AA8-487E-453A-91C7-D5CAD1A456BC}"
EndProject
Project("{FAE04EC0-301F-11D3-BF4B-00C04F79EFBC}") = "Exercise 6", "Exercise 6\Exercise 6.csproj", "{AE0A2ADE-C64B-452E-A955-51FC682FD445}"
EndProject
Project("{FAE04EC0-301F-11D3-BF4B-00C04F79EFBC}") = "Exercise 7", "Exercise 7\Exercise 7.csproj", "{F2F01E04-A41D-41EB-BD76-3A82D63A356C}"
EndProject
Project("{FAE04EC0-301F-11D3-BF4B-00C04F79EFBC}") = "Exercise 8", "Exercise 8\Exercise 8.csproj", "{D5BD0BE8-98A1-44F0-A051-A0FC9E7EACF0}"
EndProject
Global
	GlobalSection(SolutionConfigurationPlatforms) = preSolution
		Debug|Any CPU = Debug|Any CPU
		Release|Any CPU = Release|Any CPU
	EndGlobalSection
	GlobalSection(ProjectConfigurationPlatforms) = postSolution
		{AEF59ADD-AED7-4304-A7A0-E983AD56B011}.Debug|Any CPU.ActiveCfg = Debug|Any CPU
		{AEF59ADD-AED7-4304-A7A0-E983AD56B011}.Debug|Any CPU.Build.0 = Debug|Any CPU
		{AEF59ADD-AED7-4304-A7A0-E983AD56B011}.Release|Any CPU.ActiveCfg = Release|Any CPU
		{AEF59ADD-AED7-4304-A7A0-E983AD56B011}.Release|Any CPU.Build.0 = Release|Any CPU
		{BCE27681-5AD5-4420-A749-AA0A3E78B876}.Debug|Any CPU.ActiveCfg = Debug|Any CPU
		{BCE27681-5AD5-4420-A749-AA0A3E78B876}.Debug|Any CPU.Build.0 = Debug|Any CPU
		{BCE27681-5AD5-4420-A749-AA0A3E78B876}.Release|Any CPU.ActiveCfg = Release|Any CPU
		{BCE27681-5AD5-4420-A749-AA0A3E78B876}.Release|Any CPU.Build.0 = Release|Any CPU
		{6C420170-BB5B-4841-B7D8-1C525DDC8716}.Debug|Any CPU.ActiveCfg = Debug|Any CPU
		{6C420170-BB5B-4841-B7D8-1C525DDC8716}.Debug|Any CPU.Build.0 = Debug|Any CPU
		{6C420170-BB5B-4841-B7D8-1C525DDC8716}.Release|Any CPU.ActiveCfg = Release|Any CPU
		{6C420170-BB5B-4841-B7D8-1C525DDC8716}.Release|Any CPU.Build.0 = Release|Any CPU
		{E8954BCA-7214-448A-9B15-1B9DDBD48C2D}.Debug|Any CPU.ActiveCfg = Debug|Any CPU
		{E8954BCA-7214-448A-9B15-1B9DDBD48C2D}.Debug|Any CPU.Build.0 = Debug|Any CPU
		{E8954BCA-7214-448A-9B15-1B9DDBD48C2D}.Release|Any CPU.ActiveCfg = Release|Any CPU
		{E8954BCA-7214-448A-9B15-1B9DDBD48C2D}.Release|Any CPU.Build.0 = Release|Any CPU
		{E8070AA8-487E-453A-91C7-D5CAD1A456BC}.Debug|Any CPU.ActiveCfg = Debug|Any CPU
		{E8070AA8-487E-453A-91C7-D5CAD1A456BC}.Debug|Any CPU.Build.0 = Debug|Any CPU
		{E8070AA8-487E-453A-91C7-D5CAD1A456BC}.Release|Any CPU.ActiveCfg = Release|Any CPU
		{E8070AA8-487E-453A-91C7-D5CAD1A456BC}.Release|Any CPU.Build.0 = Release|Any CPU
		{AE0A2ADE-C64B-452E-A955-51FC682FD445}.Debug|Any CPU.ActiveCfg = Debug|Any CPU
		{AE0A2ADE-C64B-452E-A955-51FC682FD445}.Debug|Any CPU.Build.0 = Debug|Any CPU
		{AE0A2ADE-C64B-452E-A955-51FC682FD445}.Release|Any CPU.ActiveCfg = Release|Any CPU
		{AE0A2ADE-C64B-452E-A955-51FC682FD445}.Release|Any CPU.Build.0 = Release|Any CPU
		{F2F01E04-A41D-41EB-BD76-3A82D63A356C}.Debug|Any CPU.ActiveCfg = Debug|Any CPU
		{F2F01E04-A41D-41EB-BD76-3A82D63A356C}.Debug|Any CPU.Build.0 = Debug|Any CPU
		{F2F01E04-A41D-41EB-BD76-3A82D63A356C}.Release|Any CPU.ActiveCfg = Release|Any CPU
		{F2F01E04-A41D-41EB-BD76-3A82D63A356C}.Release|Any CPU.Build.0 = Release|Any CPU
		{D5BD0BE8-98A1-44F0-A051-A0FC9E7EACF0}.Debug|Any CPU.ActiveCfg = Debug|Any CPU
		{D5BD0BE8-98A1-44F0-A051-A0FC9E7EACF0}.Debug|Any CPU.Build.0 = Debug|Any CPU
		{D5BD0BE8-98A1-44F0-A051-A0FC9E7EACF0}.Release|Any CPU.ActiveCfg = Release|Any CPU
		{D5BD0BE8-98A1-44F0-A051-A0FC9E7EACF0}.Release|Any CPU.Build.0 = Release|Any CPU
	EndGlobalSection
	GlobalSection(SolutionProperties) = preSolution
		HideSolutionNode = FALSE
	EndGlobalSection
EndGlobal
